
Microsoft Visual Studio Solution File, Format Version 12.00
# Visual Studio Version 16
VisualStudioVersion = 16.0.29306.81
MinimumVisualStudioVersion = 10.0.40219.1
Project("{FAE04EC0-301F-11D3-BF4B-00C04F79EFBC}") = "LabEleven", "LabEleven\LabEleven.csproj", "{B0BD418F-0058-46CE-8AC9-CDA6B9061DB3}"
EndProject
Global
	GlobalSection(SolutionConfigurationPlatforms) = preSolution
		Debug|Any CPU = Debug|Any CPU
		Release|Any CPU = Release|Any CPU
	EndGlobalSection
	GlobalSection(ProjectConfigurationPlatforms) = postSolution
		{B0BD418F-0058-46CE-8AC9-CDA6B9061DB3}.Debug|Any CPU.ActiveCfg = Debug|Any CPU
		{B0BD418F-0058-46CE-8AC9-CDA6B9061DB3}.Debug|Any CPU.Build.0 = Debug|Any CPU
		{B0BD418F-0058-46CE-8AC9-CDA6B9061DB3}.Release|Any CPU.ActiveCfg = Release|Any CPU
		{B0BD418F-0058-46CE-8AC9-CDA6B9061DB3}.Release|Any CPU.Build.0 = Release|Any CPU
	EndGlobalSection
	GlobalSection(SolutionProperties) = preSolution
		HideSolutionNode = FALSE
	EndGlobalSection
	GlobalSection(ExtensibilityGlobals) = postSolution
		SolutionGuid = {0FC2DE9E-C357-4558-A4FD-A8D9FAE53808}
	EndGlobalSection
EndGlobal
