
Microsoft Visual Studio Solution File, Format Version 12.00
# Visual Studio Version 16
VisualStudioVersion = 16.0.29509.3
MinimumVisualStudioVersion = 10.0.40219.1
Project("{FAE04EC0-301F-11D3-BF4B-00C04F79EFBC}") = "GroupLab11", "GroupLab11\GroupLab11.csproj", "{38D5C9EB-0DEA-4DA1-8BF3-DDA3CB4731FD}"
EndProject
Global
	GlobalSection(SolutionConfigurationPlatforms) = preSolution
		Debug|Any CPU = Debug|Any CPU
		Release|Any CPU = Release|Any CPU
	EndGlobalSection
	GlobalSection(ProjectConfigurationPlatforms) = postSolution
		{38D5C9EB-0DEA-4DA1-8BF3-DDA3CB4731FD}.Debug|Any CPU.ActiveCfg = Debug|Any CPU
		{38D5C9EB-0DEA-4DA1-8BF3-DDA3CB4731FD}.Debug|Any CPU.Build.0 = Debug|Any CPU
		{38D5C9EB-0DEA-4DA1-8BF3-DDA3CB4731FD}.Release|Any CPU.ActiveCfg = Release|Any CPU
		{38D5C9EB-0DEA-4DA1-8BF3-DDA3CB4731FD}.Release|Any CPU.Build.0 = Release|Any CPU
	EndGlobalSection
	GlobalSection(SolutionProperties) = preSolution
		HideSolutionNode = FALSE
	EndGlobalSection
	GlobalSection(ExtensibilityGlobals) = postSolution
		SolutionGuid = {7FFA3CD4-0992-4E74-9D39-D174523D6B0F}
	EndGlobalSection
EndGlobal
