
Microsoft Visual Studio Solution File, Format Version 12.00
# Visual Studio Version 16
VisualStudioVersion = 16.0.29306.81
MinimumVisualStudioVersion = 10.0.40219.1
Project("{FAE04EC0-301F-11D3-BF4B-00C04F79EFBC}") = "LabTwo", "LabTwo\LabTwo.csproj", "{5FE04DC6-81B7-44F9-A51B-43DD342323E4}"
EndProject
Global
	GlobalSection(SolutionConfigurationPlatforms) = preSolution
		Debug|Any CPU = Debug|Any CPU
		Release|Any CPU = Release|Any CPU
	EndGlobalSection
	GlobalSection(ProjectConfigurationPlatforms) = postSolution
		{5FE04DC6-81B7-44F9-A51B-43DD342323E4}.Debug|Any CPU.ActiveCfg = Debug|Any CPU
		{5FE04DC6-81B7-44F9-A51B-43DD342323E4}.Debug|Any CPU.Build.0 = Debug|Any CPU
		{5FE04DC6-81B7-44F9-A51B-43DD342323E4}.Release|Any CPU.ActiveCfg = Release|Any CPU
		{5FE04DC6-81B7-44F9-A51B-43DD342323E4}.Release|Any CPU.Build.0 = Release|Any CPU
	EndGlobalSection
	GlobalSection(SolutionProperties) = preSolution
		HideSolutionNode = FALSE
	EndGlobalSection
	GlobalSection(ExtensibilityGlobals) = postSolution
		SolutionGuid = {6CF71B07-FABD-435F-8D56-E8EDCDB9BF24}
	EndGlobalSection
EndGlobal
