
Microsoft Visual Studio Solution File, Format Version 12.00
# Visual Studio Version 16
VisualStudioVersion = 16.0.29306.81
MinimumVisualStudioVersion = 10.0.40219.1
Project("{FAE04EC0-301F-11D3-BF4B-00C04F79EFBC}") = "FirstClassProject", "FirstClassProject\FirstClassProject.csproj", "{70ED60BD-C169-44F8-B8A5-40BD833E0900}"
EndProject
Global
	GlobalSection(SolutionConfigurationPlatforms) = preSolution
		Debug|Any CPU = Debug|Any CPU
		Release|Any CPU = Release|Any CPU
	EndGlobalSection
	GlobalSection(ProjectConfigurationPlatforms) = postSolution
		{70ED60BD-C169-44F8-B8A5-40BD833E0900}.Debug|Any CPU.ActiveCfg = Debug|Any CPU
		{70ED60BD-C169-44F8-B8A5-40BD833E0900}.Debug|Any CPU.Build.0 = Debug|Any CPU
		{70ED60BD-C169-44F8-B8A5-40BD833E0900}.Release|Any CPU.ActiveCfg = Release|Any CPU
		{70ED60BD-C169-44F8-B8A5-40BD833E0900}.Release|Any CPU.Build.0 = Release|Any CPU
	EndGlobalSection
	GlobalSection(SolutionProperties) = preSolution
		HideSolutionNode = FALSE
	EndGlobalSection
	GlobalSection(ExtensibilityGlobals) = postSolution
		SolutionGuid = {9B2C881D-7D42-43D9-AFCC-F504F17C98F4}
	EndGlobalSection
EndGlobal
