
Microsoft Visual Studio Solution File, Format Version 12.00
# Visual Studio Version 16
VisualStudioVersion = 16.0.29306.81
MinimumVisualStudioVersion = 10.0.40219.1
Project("{FAE04EC0-301F-11D3-BF4B-00C04F79EFBC}") = "Classwork1030", "Classwork1030\Classwork1030.csproj", "{1C76F43B-EAC6-49FE-A775-8E3761916B22}"
EndProject
Global
	GlobalSection(SolutionConfigurationPlatforms) = preSolution
		Debug|Any CPU = Debug|Any CPU
		Release|Any CPU = Release|Any CPU
	EndGlobalSection
	GlobalSection(ProjectConfigurationPlatforms) = postSolution
		{1C76F43B-EAC6-49FE-A775-8E3761916B22}.Debug|Any CPU.ActiveCfg = Debug|Any CPU
		{1C76F43B-EAC6-49FE-A775-8E3761916B22}.Debug|Any CPU.Build.0 = Debug|Any CPU
		{1C76F43B-EAC6-49FE-A775-8E3761916B22}.Release|Any CPU.ActiveCfg = Release|Any CPU
		{1C76F43B-EAC6-49FE-A775-8E3761916B22}.Release|Any CPU.Build.0 = Release|Any CPU
	EndGlobalSection
	GlobalSection(SolutionProperties) = preSolution
		HideSolutionNode = FALSE
	EndGlobalSection
	GlobalSection(ExtensibilityGlobals) = postSolution
		SolutionGuid = {5D7F5D0D-8B31-40EC-B018-C72D6564C452}
	EndGlobalSection
EndGlobal
