
Microsoft Visual Studio Solution File, Format Version 12.00
# Visual Studio Version 16
VisualStudioVersion = 16.0.29306.81
MinimumVisualStudioVersion = 10.0.40219.1
Project("{FAE04EC0-301F-11D3-BF4B-00C04F79EFBC}") = "LabTwoBonus", "LabTwoBonus\LabTwoBonus.csproj", "{9A27FA8A-32D1-4E5B-BBBF-893BAA203EF2}"
EndProject
Global
	GlobalSection(SolutionConfigurationPlatforms) = preSolution
		Debug|Any CPU = Debug|Any CPU
		Release|Any CPU = Release|Any CPU
	EndGlobalSection
	GlobalSection(ProjectConfigurationPlatforms) = postSolution
		{9A27FA8A-32D1-4E5B-BBBF-893BAA203EF2}.Debug|Any CPU.ActiveCfg = Debug|Any CPU
		{9A27FA8A-32D1-4E5B-BBBF-893BAA203EF2}.Debug|Any CPU.Build.0 = Debug|Any CPU
		{9A27FA8A-32D1-4E5B-BBBF-893BAA203EF2}.Release|Any CPU.ActiveCfg = Release|Any CPU
		{9A27FA8A-32D1-4E5B-BBBF-893BAA203EF2}.Release|Any CPU.Build.0 = Release|Any CPU
	EndGlobalSection
	GlobalSection(SolutionProperties) = preSolution
		HideSolutionNode = FALSE
	EndGlobalSection
	GlobalSection(ExtensibilityGlobals) = postSolution
		SolutionGuid = {216F8D22-421A-41A3-B9EA-D90280A93567}
	EndGlobalSection
EndGlobal
